
Microsoft Visual Studio Solution File, Format Version 12.00
# Visual Studio 15
VisualStudioVersion = 15.0.27004.2010
MinimumVisualStudioVersion = 10.0.40219.1
Project("{FAE04EC0-301F-11D3-BF4B-00C04F79EFBC}") = "Homework1_BinarySearch", "Homework1_BinarySearch\Homework1_BinarySearch.csproj", "{B0540A5C-A050-4287-BBF5-4CDC6C979027}"
EndProject
Global
	GlobalSection(SolutionConfigurationPlatforms) = preSolution
		Debug|Any CPU = Debug|Any CPU
		Release|Any CPU = Release|Any CPU
	EndGlobalSection
	GlobalSection(ProjectConfigurationPlatforms) = postSolution
		{B0540A5C-A050-4287-BBF5-4CDC6C979027}.Debug|Any CPU.ActiveCfg = Debug|Any CPU
		{B0540A5C-A050-4287-BBF5-4CDC6C979027}.Debug|Any CPU.Build.0 = Debug|Any CPU
		{B0540A5C-A050-4287-BBF5-4CDC6C979027}.Release|Any CPU.ActiveCfg = Release|Any CPU
		{B0540A5C-A050-4287-BBF5-4CDC6C979027}.Release|Any CPU.Build.0 = Release|Any CPU
	EndGlobalSection
	GlobalSection(SolutionProperties) = preSolution
		HideSolutionNode = FALSE
	EndGlobalSection
	GlobalSection(ExtensibilityGlobals) = postSolution
		SolutionGuid = {D44F1AB2-18CB-4FA3-84BE-B537BCCF5B7F}
	EndGlobalSection
EndGlobal
